
Microsoft Visual Studio Solution File, Format Version 12.00
# Visual Studio Version 17
VisualStudioVersion = 17.10.35027.167
MinimumVisualStudioVersion = 10.0.40219.1
Project("{FAE04EC0-301F-11D3-BF4B-00C04F79EFBC}") = "CurrencyConverter", "CurrencyConverter\CurrencyConverter.csproj", "{81D845EC-EA6A-448B-A258-BEBB74C0D755}"
EndProject
Global
	GlobalSection(SolutionConfigurationPlatforms) = preSolution
		Debug|Any CPU = Debug|Any CPU
		Release|Any CPU = Release|Any CPU
	EndGlobalSection
	GlobalSection(ProjectConfigurationPlatforms) = postSolution
		{81D845EC-EA6A-448B-A258-BEBB74C0D755}.Debug|Any CPU.ActiveCfg = Debug|Any CPU
		{81D845EC-EA6A-448B-A258-BEBB74C0D755}.Debug|Any CPU.Build.0 = Debug|Any CPU
		{81D845EC-EA6A-448B-A258-BEBB74C0D755}.Release|Any CPU.ActiveCfg = Release|Any CPU
		{81D845EC-EA6A-448B-A258-BEBB74C0D755}.Release|Any CPU.Build.0 = Release|Any CPU
	EndGlobalSection
	GlobalSection(SolutionProperties) = preSolution
		HideSolutionNode = FALSE
	EndGlobalSection
	GlobalSection(ExtensibilityGlobals) = postSolution
		SolutionGuid = {86D065FC-5FCF-4F33-8981-E7329C7DD2A2}
	EndGlobalSection
EndGlobal
